
Microsoft Visual Studio Solution File, Format Version 12.00
# Visual Studio Version 17
VisualStudioVersion = 17.7.34024.191
MinimumVisualStudioVersion = 10.0.40219.1
Project("{8BC9CEB8-8B4A-11D0-8D11-00A0C91BC942}") = "Lexical-Analyzer", "Lexical-Analyzer\Lexical-Analyzer.vcxproj", "{E5118473-2E96-404D-A8AB-ABF17F14FADF}"
EndProject
Global
	GlobalSection(SolutionConfigurationPlatforms) = preSolution
		Debug|x64 = Debug|x64
		Debug|x86 = Debug|x86
		Release|x64 = Release|x64
		Release|x86 = Release|x86
	EndGlobalSection
	GlobalSection(ProjectConfigurationPlatforms) = postSolution
		{E5118473-2E96-404D-A8AB-ABF17F14FADF}.Debug|x64.ActiveCfg = Debug|x64
		{E5118473-2E96-404D-A8AB-ABF17F14FADF}.Debug|x64.Build.0 = Debug|x64
		{E5118473-2E96-404D-A8AB-ABF17F14FADF}.Debug|x86.ActiveCfg = Debug|Win32
		{E5118473-2E96-404D-A8AB-ABF17F14FADF}.Debug|x86.Build.0 = Debug|Win32
		{E5118473-2E96-404D-A8AB-ABF17F14FADF}.Release|x64.ActiveCfg = Release|x64
		{E5118473-2E96-404D-A8AB-ABF17F14FADF}.Release|x64.Build.0 = Release|x64
		{E5118473-2E96-404D-A8AB-ABF17F14FADF}.Release|x86.ActiveCfg = Release|Win32
		{E5118473-2E96-404D-A8AB-ABF17F14FADF}.Release|x86.Build.0 = Release|Win32
	EndGlobalSection
	GlobalSection(SolutionProperties) = preSolution
		HideSolutionNode = FALSE
	EndGlobalSection
	GlobalSection(ExtensibilityGlobals) = postSolution
		SolutionGuid = {BCAA0FCC-FDD8-47CA-96A6-F8277936A50F}
	EndGlobalSection
EndGlobal
